{
  "projects": [
    {
      "projectId": "YUiM7yqBWAqsh8KSnrdj7",
      "version": "0.18.0",
      "dependencies": {},
      "lang": "js",
      "fileLocks": [
        {
          "assetId": "YUiM7yqBWAqsh8KSnrdj7",
          "type": "projectCss",
          "checksum": "dac72600b04b6e6a3014e82512a15fe1"
        }
      ],
      "codegenVersion": "0.0.1"
    },
    {
      "projectId": "r3ASNrnyvLLLAtDvzUioQ",
      "version": "3.14.0",
      "dependencies": {},
      "lang": "js",
      "fileLocks": [
        {
          "assetId": "r3ASNrnyvLLLAtDvzUioQ",
          "type": "projectCss",
          "checksum": "97ec772be5160e37b26814fd84fdccb9"
        }
      ],
      "codegenVersion": "0.0.1"
    },
    {
      "projectId": "gLnoj82AzKVVT7qXiqAbHD",
      "version": "1.13.0",
      "dependencies": {},
      "lang": "js",
      "fileLocks": [
        {
          "assetId": "gLnoj82AzKVVT7qXiqAbHD",
          "type": "projectCss",
          "checksum": "e1ec850476829c38b0f9b6d4f7ac446a"
        },
        {
          "type": "renderModule",
          "assetId": "lBHNzts6tFyj",
          "checksum": "c5df862daeb293e59bcbb90502bc8e8c"
        },
        {
          "type": "cssRules",
          "assetId": "lBHNzts6tFyj",
          "checksum": "c5df862daeb293e59bcbb90502bc8e8c"
        },
        {
          "type": "icon",
          "assetId": "zq2s7N0xWucT",
          "checksum": "61b12414624174db4cd2e3e683119fcb"
        },
        {
          "type": "icon",
          "assetId": "8K40faRNhuCj",
          "checksum": "4fedd32cd8730884585d804464a39318"
        }
      ],
      "codegenVersion": "0.0.1"
    },
    {
      "projectId": "54gWnNeJTpdtwf46XhFcJL",
      "version": "latest",
      "dependencies": {
        "gLnoj82AzKVVT7qXiqAbHD": "1.13.0",
        "r3ASNrnyvLLLAtDvzUioQ": "3.14.0",
        "YUiM7yqBWAqsh8KSnrdj7": "0.18.0"
      },
      "lang": "js",
      "fileLocks": [
        {
          "type": "globalVariant",
          "assetId": "vrTWC8W1T6yPe",
          "checksum": "34f5edf0ca62a3da0e00ede2c3c54785"
        },
        {
          "type": "globalVariant",
          "assetId": "3HTFTu7rbD",
          "checksum": "3586aec33857d997bdaf2a4064f0e35f"
        },
        {
          "assetId": "54gWnNeJTpdtwf46XhFcJL",
          "type": "projectCss",
          "checksum": "5ef73aa146f5d19df79358e1502f55e1"
        },
        {
          "type": "renderModule",
          "assetId": "StxBEdBUnp4c",
          "checksum": "4f3892e652e0abc26ed58bc182c9b349"
        },
        {
          "type": "cssRules",
          "assetId": "StxBEdBUnp4c",
          "checksum": "4f3892e652e0abc26ed58bc182c9b349"
        },
        {
          "type": "renderModule",
          "assetId": "GHmytt8Dki",
          "checksum": "514cb83cc2c9b0d0f5f23bdf4f5a7aff"
        },
        {
          "type": "cssRules",
          "assetId": "GHmytt8Dki",
          "checksum": "514cb83cc2c9b0d0f5f23bdf4f5a7aff"
        },
        {
          "type": "renderModule",
          "assetId": "yRxH7M8asot",
          "checksum": "13d97542619282a22999ad40e1ea9a01"
        },
        {
          "type": "cssRules",
          "assetId": "yRxH7M8asot",
          "checksum": "13d97542619282a22999ad40e1ea9a01"
        },
        {
          "type": "renderModule",
          "assetId": "rGCFMq0jZ2",
          "checksum": "045a6bc741bcb3ed1a924e051d730c55"
        },
        {
          "type": "cssRules",
          "assetId": "rGCFMq0jZ2",
          "checksum": "045a6bc741bcb3ed1a924e051d730c55"
        },
        {
          "type": "renderModule",
          "assetId": "JevoQM4jsT",
          "checksum": "2118e161202928e65a73cfbeb481975e"
        },
        {
          "type": "cssRules",
          "assetId": "JevoQM4jsT",
          "checksum": "2118e161202928e65a73cfbeb481975e"
        },
        {
          "type": "icon",
          "assetId": "NR-OZhvxfR",
          "checksum": "5ad97018e422cef76d0b1c4100287bf4"
        },
        {
          "type": "icon",
          "assetId": "AjOsIk0v1j",
          "checksum": "318654bcf2f047c017c60dbeab3ebfe9"
        },
        {
          "type": "icon",
          "assetId": "s9y3zGrscW2",
          "checksum": "833a974c3858070c9329c4c25508fa1b"
        },
        {
          "type": "icon",
          "assetId": "yowy2HMIL39",
          "checksum": "b9c67d0740e8e0f29229c4743a3a95fa"
        },
        {
          "type": "icon",
          "assetId": "PhMoz6uI8D",
          "checksum": "c15e8eb7c5c6ad48d5bb99ec35ae448c"
        },
        {
          "type": "icon",
          "assetId": "4-q3UhdZw7",
          "checksum": "d22da3ed79a9cdca81453db856e21537"
        },
        {
          "type": "icon",
          "assetId": "cpKcHOhqOY",
          "checksum": "f7c723b4de61c4594139f9e53974c61f"
        },
        {
          "type": "icon",
          "assetId": "bWo-X4N7VH",
          "checksum": "f7c02975415bd9006cb9526d9d98a097"
        },
        {
          "type": "icon",
          "assetId": "fE8D1MgEed",
          "checksum": "b7e946067080b569648d83bc0a241757"
        },
        {
          "type": "icon",
          "assetId": "lp-UXOTPTr",
          "checksum": "ba7f6db0f79760cfa0f46dd9fb29b18b"
        },
        {
          "type": "icon",
          "assetId": "JUe7RxQBea",
          "checksum": "af3cdf02c5eb2d8bd46fda658dbb80d5"
        },
        {
          "type": "icon",
          "assetId": "2TvMEY30y6",
          "checksum": "5a97fb9587c21581dfb06fe6a723c568"
        },
        {
          "type": "icon",
          "assetId": "Bt_vvQvRSZ",
          "checksum": "9afd2ba4833d6ef05af9831a11d64894"
        },
        {
          "type": "icon",
          "assetId": "xaJqx1SkSH",
          "checksum": "27e728053a96c7c0999becd22f921d95"
        },
        {
          "type": "icon",
          "assetId": "pqvLurHzFN",
          "checksum": "d8c9b793a345e96611b8c3bcd54d125b"
        },
        {
          "type": "image",
          "assetId": "0W-YTMqbu",
          "checksum": "739ccae89086b16e8b7c19fab6c48e07"
        },
        {
          "type": "image",
          "assetId": "pQzVd_NL65",
          "checksum": "ba25a695fdab254898b7efca2f5b700e"
        },
        {
          "type": "image",
          "assetId": "PgWhRZZYmp",
          "checksum": "5008d6163470bb88abc07e80e67ae7a2"
        },
        {
          "type": "image",
          "assetId": "VzNn705_y9",
          "checksum": "6241328367edbd3a7d94f1821b7adaa6"
        },
        {
          "type": "image",
          "assetId": "VmBaqANVE3",
          "checksum": "3f47e17cacb201852f10bab01133b03b"
        },
        {
          "type": "image",
          "assetId": "Zp2utS7DF",
          "checksum": "696dcbb2ff865b934eb4c8dbf5449b8c"
        },
        {
          "type": "image",
          "assetId": "WcgC5lueZ",
          "checksum": "916a10aa4bf3960b48633ce70a0c0c71"
        },
        {
          "type": "image",
          "assetId": "YduJ9P2yL",
          "checksum": "05f9907c52bb39506e3055c185f41a50"
        },
        {
          "type": "image",
          "assetId": "pzMcJzGuDD",
          "checksum": "dceaf7c60ab7db71bb76746a7ea8c964"
        },
        {
          "type": "image",
          "assetId": "SHeUa60MBL",
          "checksum": "96b407cabfb020b4bce2378f145c5850"
        },
        {
          "type": "image",
          "assetId": "4IIvbXJalZ",
          "checksum": "bf76fee48f608bf7c5872f9440838c26"
        },
        {
          "type": "image",
          "assetId": "dCFikC50cc",
          "checksum": "c2728ca0baf698067e53b8b20f48a45a"
        }
      ],
      "codegenVersion": "0.0.1"
    }
  ],
  "cliVersion": "0.1.284"
}
